
Microsoft Visual Studio Solution File, Format Version 12.00
# Visual Studio Version 16
VisualStudioVersion = 16.0.28803.452
MinimumVisualStudioVersion = 10.0.40219.1
Project("{9A19103F-16F7-4668-BE54-9A1E7A4F7556}") = "InternalApplication", "InternalApplication\InternalApplication.csproj", "{7667CC3E-912F-480F-BADC-41714963E8D3}"
EndProject
Project("{2150E333-8FDC-42A3-9474-1A3956D46DE8}") = "Business", "Business", "{CC8EBFF5-3521-4527-8140-44C09C21C753}"
EndProject
Project("{2150E333-8FDC-42A3-9474-1A3956D46DE8}") = "DataAccess", "DataAccess", "{97D869F7-0CF9-4B23-B5F7-DC12090BC137}"
EndProject
Project("{2150E333-8FDC-42A3-9474-1A3956D46DE8}") = "Models", "Models", "{37D4E848-50CB-4843-8479-FBE436AAFBC8}"
EndProject
Project("{9A19103F-16F7-4668-BE54-9A1E7A4F7556}") = "Model.Common", "Models\Model.Common\Model.Common.csproj", "{0C781E6C-192E-42DC-817D-BE8DC9153607}"
EndProject
Project("{9A19103F-16F7-4668-BE54-9A1E7A4F7556}") = "Internal.Business", "Business\Internal.Business\Internal.Business.csproj", "{0A24E47F-69E4-4442-A87D-4D954015CE40}"
EndProject
Project("{2150E333-8FDC-42A3-9474-1A3956D46DE8}") = "Services", "Services", "{164BDE6C-293A-4461-A344-9FA950681407}"
EndProject
Project("{9A19103F-16F7-4668-BE54-9A1E7A4F7556}") = "Internal.Service.Common", "Services\Internal.Service.Common\Internal.Service.Common.csproj", "{65095BAC-1916-48C2-96C5-BF72498CB897}"
EndProject
Project("{9A19103F-16F7-4668-BE54-9A1E7A4F7556}") = "Internal.Data.IRepository", "DataAccess\Internal.Data.IRepository\Internal.Data.IRepository.csproj", "{3A44BC9A-A2B8-4B6A-96C2-9445FD7929E5}"
EndProject
Project("{9A19103F-16F7-4668-BE54-9A1E7A4F7556}") = "Internal.Data.SQL.Repository", "DataAccess\Internal.Data.SQL.Repository\Internal.Data.SQL.Repository.csproj", "{D178BA54-6F93-4884-A2D7-87397F82AC0A}"
EndProject
Project("{9A19103F-16F7-4668-BE54-9A1E7A4F7556}") = "Internal.IUnitOfWork", "DataAccess\Internal.IUnitOfWork\Internal.IUnitOfWork.csproj", "{0F7D7A2B-149C-4802-AB00-1AAD886E8755}"
EndProject
Project("{9A19103F-16F7-4668-BE54-9A1E7A4F7556}") = "Internal.UnitOfWork", "DataAccess\Internal.UnitOfWork\Internal.UnitOfWork.csproj", "{8D077E72-C1D6-4E23-991B-48324EACDF85}"
EndProject
Project("{2150E333-8FDC-42A3-9474-1A3956D46DE8}") = "Modules", "Modules", "{FB1236F5-4AE5-46D9-A999-53A2DD273CD0}"
EndProject
Project("{9A19103F-16F7-4668-BE54-9A1E7A4F7556}") = "Internal.Data.Security", "DataAccess\Modules\Internal.Data.Security\Internal.Data.Security.csproj", "{618920AE-A14B-4989-8ECA-5C9B5F9DF5A9}"
EndProject
Project("{2150E333-8FDC-42A3-9474-1A3956D46DE8}") = "Tools", "Tools", "{FC298DF6-E27F-432A-BA02-D9C10BE3213D}"
EndProject
Project("{9A19103F-16F7-4668-BE54-9A1E7A4F7556}") = "BuildEntityModel", "Tools\BuildEntityModel\BuildEntityModel.csproj", "{5A51E2E7-D2AE-40C2-BB52-CB9522F0F912}"
EndProject
Project("{2150E333-8FDC-42A3-9474-1A3956D46DE8}") = "API", "API", "{42B92036-B940-4FC2-B9B3-2A3BFD37D34A}"
EndProject
Project("{9A19103F-16F7-4668-BE54-9A1E7A4F7556}") = "API.Common", "API\API.Common\API.Common.csproj", "{D07304FD-468B-4503-94A8-1B165682ED0E}"
EndProject
Global
	GlobalSection(SolutionConfigurationPlatforms) = preSolution
		Debug|Any CPU = Debug|Any CPU
		Release|Any CPU = Release|Any CPU
	EndGlobalSection
	GlobalSection(ProjectConfigurationPlatforms) = postSolution
		{7667CC3E-912F-480F-BADC-41714963E8D3}.Debug|Any CPU.ActiveCfg = Debug|Any CPU
		{7667CC3E-912F-480F-BADC-41714963E8D3}.Debug|Any CPU.Build.0 = Debug|Any CPU
		{7667CC3E-912F-480F-BADC-41714963E8D3}.Release|Any CPU.ActiveCfg = Release|Any CPU
		{7667CC3E-912F-480F-BADC-41714963E8D3}.Release|Any CPU.Build.0 = Release|Any CPU
		{0C781E6C-192E-42DC-817D-BE8DC9153607}.Debug|Any CPU.ActiveCfg = Debug|Any CPU
		{0C781E6C-192E-42DC-817D-BE8DC9153607}.Debug|Any CPU.Build.0 = Debug|Any CPU
		{0C781E6C-192E-42DC-817D-BE8DC9153607}.Release|Any CPU.ActiveCfg = Release|Any CPU
		{0C781E6C-192E-42DC-817D-BE8DC9153607}.Release|Any CPU.Build.0 = Release|Any CPU
		{0A24E47F-69E4-4442-A87D-4D954015CE40}.Debug|Any CPU.ActiveCfg = Debug|Any CPU
		{0A24E47F-69E4-4442-A87D-4D954015CE40}.Debug|Any CPU.Build.0 = Debug|Any CPU
		{0A24E47F-69E4-4442-A87D-4D954015CE40}.Release|Any CPU.ActiveCfg = Release|Any CPU
		{0A24E47F-69E4-4442-A87D-4D954015CE40}.Release|Any CPU.Build.0 = Release|Any CPU
		{65095BAC-1916-48C2-96C5-BF72498CB897}.Debug|Any CPU.ActiveCfg = Debug|Any CPU
		{65095BAC-1916-48C2-96C5-BF72498CB897}.Debug|Any CPU.Build.0 = Debug|Any CPU
		{65095BAC-1916-48C2-96C5-BF72498CB897}.Release|Any CPU.ActiveCfg = Release|Any CPU
		{65095BAC-1916-48C2-96C5-BF72498CB897}.Release|Any CPU.Build.0 = Release|Any CPU
		{3A44BC9A-A2B8-4B6A-96C2-9445FD7929E5}.Debug|Any CPU.ActiveCfg = Debug|Any CPU
		{3A44BC9A-A2B8-4B6A-96C2-9445FD7929E5}.Debug|Any CPU.Build.0 = Debug|Any CPU
		{3A44BC9A-A2B8-4B6A-96C2-9445FD7929E5}.Release|Any CPU.ActiveCfg = Release|Any CPU
		{3A44BC9A-A2B8-4B6A-96C2-9445FD7929E5}.Release|Any CPU.Build.0 = Release|Any CPU
		{D178BA54-6F93-4884-A2D7-87397F82AC0A}.Debug|Any CPU.ActiveCfg = Debug|Any CPU
		{D178BA54-6F93-4884-A2D7-87397F82AC0A}.Debug|Any CPU.Build.0 = Debug|Any CPU
		{D178BA54-6F93-4884-A2D7-87397F82AC0A}.Release|Any CPU.ActiveCfg = Release|Any CPU
		{D178BA54-6F93-4884-A2D7-87397F82AC0A}.Release|Any CPU.Build.0 = Release|Any CPU
		{0F7D7A2B-149C-4802-AB00-1AAD886E8755}.Debug|Any CPU.ActiveCfg = Debug|Any CPU
		{0F7D7A2B-149C-4802-AB00-1AAD886E8755}.Debug|Any CPU.Build.0 = Debug|Any CPU
		{0F7D7A2B-149C-4802-AB00-1AAD886E8755}.Release|Any CPU.ActiveCfg = Release|Any CPU
		{0F7D7A2B-149C-4802-AB00-1AAD886E8755}.Release|Any CPU.Build.0 = Release|Any CPU
		{8D077E72-C1D6-4E23-991B-48324EACDF85}.Debug|Any CPU.ActiveCfg = Debug|Any CPU
		{8D077E72-C1D6-4E23-991B-48324EACDF85}.Debug|Any CPU.Build.0 = Debug|Any CPU
		{8D077E72-C1D6-4E23-991B-48324EACDF85}.Release|Any CPU.ActiveCfg = Release|Any CPU
		{8D077E72-C1D6-4E23-991B-48324EACDF85}.Release|Any CPU.Build.0 = Release|Any CPU
		{618920AE-A14B-4989-8ECA-5C9B5F9DF5A9}.Debug|Any CPU.ActiveCfg = Debug|Any CPU
		{618920AE-A14B-4989-8ECA-5C9B5F9DF5A9}.Debug|Any CPU.Build.0 = Debug|Any CPU
		{618920AE-A14B-4989-8ECA-5C9B5F9DF5A9}.Release|Any CPU.ActiveCfg = Release|Any CPU
		{618920AE-A14B-4989-8ECA-5C9B5F9DF5A9}.Release|Any CPU.Build.0 = Release|Any CPU
		{5A51E2E7-D2AE-40C2-BB52-CB9522F0F912}.Debug|Any CPU.ActiveCfg = Debug|Any CPU
		{5A51E2E7-D2AE-40C2-BB52-CB9522F0F912}.Debug|Any CPU.Build.0 = Debug|Any CPU
		{5A51E2E7-D2AE-40C2-BB52-CB9522F0F912}.Release|Any CPU.ActiveCfg = Release|Any CPU
		{5A51E2E7-D2AE-40C2-BB52-CB9522F0F912}.Release|Any CPU.Build.0 = Release|Any CPU
		{D07304FD-468B-4503-94A8-1B165682ED0E}.Debug|Any CPU.ActiveCfg = Debug|Any CPU
		{D07304FD-468B-4503-94A8-1B165682ED0E}.Debug|Any CPU.Build.0 = Debug|Any CPU
		{D07304FD-468B-4503-94A8-1B165682ED0E}.Release|Any CPU.ActiveCfg = Release|Any CPU
		{D07304FD-468B-4503-94A8-1B165682ED0E}.Release|Any CPU.Build.0 = Release|Any CPU
	EndGlobalSection
	GlobalSection(SolutionProperties) = preSolution
		HideSolutionNode = FALSE
	EndGlobalSection
	GlobalSection(NestedProjects) = preSolution
		{0C781E6C-192E-42DC-817D-BE8DC9153607} = {37D4E848-50CB-4843-8479-FBE436AAFBC8}
		{0A24E47F-69E4-4442-A87D-4D954015CE40} = {CC8EBFF5-3521-4527-8140-44C09C21C753}
		{65095BAC-1916-48C2-96C5-BF72498CB897} = {164BDE6C-293A-4461-A344-9FA950681407}
		{3A44BC9A-A2B8-4B6A-96C2-9445FD7929E5} = {97D869F7-0CF9-4B23-B5F7-DC12090BC137}
		{D178BA54-6F93-4884-A2D7-87397F82AC0A} = {97D869F7-0CF9-4B23-B5F7-DC12090BC137}
		{0F7D7A2B-149C-4802-AB00-1AAD886E8755} = {97D869F7-0CF9-4B23-B5F7-DC12090BC137}
		{8D077E72-C1D6-4E23-991B-48324EACDF85} = {97D869F7-0CF9-4B23-B5F7-DC12090BC137}
		{FB1236F5-4AE5-46D9-A999-53A2DD273CD0} = {97D869F7-0CF9-4B23-B5F7-DC12090BC137}
		{618920AE-A14B-4989-8ECA-5C9B5F9DF5A9} = {FB1236F5-4AE5-46D9-A999-53A2DD273CD0}
		{5A51E2E7-D2AE-40C2-BB52-CB9522F0F912} = {FC298DF6-E27F-432A-BA02-D9C10BE3213D}
		{D07304FD-468B-4503-94A8-1B165682ED0E} = {42B92036-B940-4FC2-B9B3-2A3BFD37D34A}
	EndGlobalSection
	GlobalSection(ExtensibilityGlobals) = postSolution
		SolutionGuid = {505F2321-A92F-47D8-8C88-823B35CB4825}
	EndGlobalSection
EndGlobal
