
Microsoft Visual Studio Solution File, Format Version 12.00
# Visual Studio Version 16
VisualStudioVersion = 16.0.28803.452
MinimumVisualStudioVersion = 10.0.40219.1
Project("{9A19103F-16F7-4668-BE54-9A1E7A4F7556}") = "InternalApplication", "InternalApplication\InternalApplication.csproj", "{7667CC3E-912F-480F-BADC-41714963E8D3}"
EndProject
Project("{2150E333-8FDC-42A3-9474-1A3956D46DE8}") = "Business", "Business", "{CC8EBFF5-3521-4527-8140-44C09C21C753}"
EndProject
Project("{2150E333-8FDC-42A3-9474-1A3956D46DE8}") = "DataAccess", "DataAccess", "{97D869F7-0CF9-4B23-B5F7-DC12090BC137}"
EndProject
Project("{2150E333-8FDC-42A3-9474-1A3956D46DE8}") = "Models", "Models", "{37D4E848-50CB-4843-8479-FBE436AAFBC8}"
EndProject
Project("{9A19103F-16F7-4668-BE54-9A1E7A4F7556}") = "Model.Common", "Models\Model.Common\Model.Common.csproj", "{0C781E6C-192E-42DC-817D-BE8DC9153607}"
EndProject
Project("{9A19103F-16F7-4668-BE54-9A1E7A4F7556}") = "Internal.Business", "Business\Internal.Business\Internal.Business.csproj", "{0A24E47F-69E4-4442-A87D-4D954015CE40}"
EndProject
Project("{2150E333-8FDC-42A3-9474-1A3956D46DE8}") = "Services", "Services", "{164BDE6C-293A-4461-A344-9FA950681407}"
EndProject
Project("{9A19103F-16F7-4668-BE54-9A1E7A4F7556}") = "Internal.Service.Common", "Services\Internal.Service.Common\Internal.Service.Common.csproj", "{65095BAC-1916-48C2-96C5-BF72498CB897}"
EndProject
Project("{2150E333-8FDC-42A3-9474-1A3956D46DE8}") = "Tools", "Tools", "{FC298DF6-E27F-432A-BA02-D9C10BE3213D}"
EndProject
Project("{9A19103F-16F7-4668-BE54-9A1E7A4F7556}") = "BuildEntityModel", "Tools\BuildEntityModel\BuildEntityModel.csproj", "{5A51E2E7-D2AE-40C2-BB52-CB9522F0F912}"
EndProject
Project("{2150E333-8FDC-42A3-9474-1A3956D46DE8}") = "API", "API", "{42B92036-B940-4FC2-B9B3-2A3BFD37D34A}"
EndProject
Project("{9A19103F-16F7-4668-BE54-9A1E7A4F7556}") = "API.Common", "API\API.Common\API.Common.csproj", "{D07304FD-468B-4503-94A8-1B165682ED0E}"
EndProject
Project("{2150E333-8FDC-42A3-9474-1A3956D46DE8}") = "Core", "Core", "{AE9A95FD-672C-487C-A77D-F6CAB0237DD8}"
EndProject
Project("{2150E333-8FDC-42A3-9474-1A3956D46DE8}") = "DataAccess", "DataAccess", "{1C3226E1-D54B-4C67-866C-723F88673CD1}"
EndProject
Project("{9A19103F-16F7-4668-BE54-9A1E7A4F7556}") = "Core.Data.IRepository", "Core\DataAccess\Core.Data.IRepository\Core.Data.IRepository.csproj", "{3B282348-8A93-47F5-97A0-A9CF0452AE67}"
EndProject
Project("{9A19103F-16F7-4668-BE54-9A1E7A4F7556}") = "Core.Data.SQL.Repository", "Core\DataAccess\Core.Data.SQL.Repository\Core.Data.SQL.Repository.csproj", "{D9B22972-B463-4040-AEB7-5E770CEC1A3A}"
EndProject
Project("{9A19103F-16F7-4668-BE54-9A1E7A4F7556}") = "Core.IUnitOfWork", "Core\DataAccess\Core.IUnitOfWork\Core.IUnitOfWork.csproj", "{7ED2337A-C09E-43CF-824E-780EDECDC820}"
EndProject
Project("{9A19103F-16F7-4668-BE54-9A1E7A4F7556}") = "Core.UnitOfWork", "Core\DataAccess\Core.UnitOfWork\Core.UnitOfWork.csproj", "{286A9D5D-C642-4934-A418-D1CC849FA3BC}"
EndProject
Project("{2150E333-8FDC-42A3-9474-1A3956D46DE8}") = "Modules", "Modules", "{C3328AD4-1E79-426E-8EB6-D01124EF7682}"
EndProject
Project("{9A19103F-16F7-4668-BE54-9A1E7A4F7556}") = "Core.Data.Security", "Core\DataAccess\Modules\Core.Data.Security\Core.Data.Security.csproj", "{D429D46E-B67E-4AEF-B0A7-4E6E697AE7B8}"
EndProject
Project("{9A19103F-16F7-4668-BE54-9A1E7A4F7556}") = "Internal.DataAccess", "DataAccess\Internal.DataAccess\Internal.DataAccess.csproj", "{AA766D36-740D-4098-9BA8-7D3355ABC241}"
EndProject
Global
	GlobalSection(SolutionConfigurationPlatforms) = preSolution
		Debug|Any CPU = Debug|Any CPU
		Release|Any CPU = Release|Any CPU
	EndGlobalSection
	GlobalSection(ProjectConfigurationPlatforms) = postSolution
		{7667CC3E-912F-480F-BADC-41714963E8D3}.Debug|Any CPU.ActiveCfg = Debug|Any CPU
		{7667CC3E-912F-480F-BADC-41714963E8D3}.Debug|Any CPU.Build.0 = Debug|Any CPU
		{7667CC3E-912F-480F-BADC-41714963E8D3}.Release|Any CPU.ActiveCfg = Release|Any CPU
		{7667CC3E-912F-480F-BADC-41714963E8D3}.Release|Any CPU.Build.0 = Release|Any CPU
		{0C781E6C-192E-42DC-817D-BE8DC9153607}.Debug|Any CPU.ActiveCfg = Debug|Any CPU
		{0C781E6C-192E-42DC-817D-BE8DC9153607}.Debug|Any CPU.Build.0 = Debug|Any CPU
		{0C781E6C-192E-42DC-817D-BE8DC9153607}.Release|Any CPU.ActiveCfg = Release|Any CPU
		{0C781E6C-192E-42DC-817D-BE8DC9153607}.Release|Any CPU.Build.0 = Release|Any CPU
		{0A24E47F-69E4-4442-A87D-4D954015CE40}.Debug|Any CPU.ActiveCfg = Debug|Any CPU
		{0A24E47F-69E4-4442-A87D-4D954015CE40}.Debug|Any CPU.Build.0 = Debug|Any CPU
		{0A24E47F-69E4-4442-A87D-4D954015CE40}.Release|Any CPU.ActiveCfg = Release|Any CPU
		{0A24E47F-69E4-4442-A87D-4D954015CE40}.Release|Any CPU.Build.0 = Release|Any CPU
		{65095BAC-1916-48C2-96C5-BF72498CB897}.Debug|Any CPU.ActiveCfg = Debug|Any CPU
		{65095BAC-1916-48C2-96C5-BF72498CB897}.Debug|Any CPU.Build.0 = Debug|Any CPU
		{65095BAC-1916-48C2-96C5-BF72498CB897}.Release|Any CPU.ActiveCfg = Release|Any CPU
		{65095BAC-1916-48C2-96C5-BF72498CB897}.Release|Any CPU.Build.0 = Release|Any CPU
		{5A51E2E7-D2AE-40C2-BB52-CB9522F0F912}.Debug|Any CPU.ActiveCfg = Debug|Any CPU
		{5A51E2E7-D2AE-40C2-BB52-CB9522F0F912}.Debug|Any CPU.Build.0 = Debug|Any CPU
		{5A51E2E7-D2AE-40C2-BB52-CB9522F0F912}.Release|Any CPU.ActiveCfg = Release|Any CPU
		{5A51E2E7-D2AE-40C2-BB52-CB9522F0F912}.Release|Any CPU.Build.0 = Release|Any CPU
		{D07304FD-468B-4503-94A8-1B165682ED0E}.Debug|Any CPU.ActiveCfg = Debug|Any CPU
		{D07304FD-468B-4503-94A8-1B165682ED0E}.Debug|Any CPU.Build.0 = Debug|Any CPU
		{D07304FD-468B-4503-94A8-1B165682ED0E}.Release|Any CPU.ActiveCfg = Release|Any CPU
		{D07304FD-468B-4503-94A8-1B165682ED0E}.Release|Any CPU.Build.0 = Release|Any CPU
		{3B282348-8A93-47F5-97A0-A9CF0452AE67}.Debug|Any CPU.ActiveCfg = Debug|Any CPU
		{3B282348-8A93-47F5-97A0-A9CF0452AE67}.Debug|Any CPU.Build.0 = Debug|Any CPU
		{3B282348-8A93-47F5-97A0-A9CF0452AE67}.Release|Any CPU.ActiveCfg = Release|Any CPU
		{3B282348-8A93-47F5-97A0-A9CF0452AE67}.Release|Any CPU.Build.0 = Release|Any CPU
		{D9B22972-B463-4040-AEB7-5E770CEC1A3A}.Debug|Any CPU.ActiveCfg = Debug|Any CPU
		{D9B22972-B463-4040-AEB7-5E770CEC1A3A}.Debug|Any CPU.Build.0 = Debug|Any CPU
		{D9B22972-B463-4040-AEB7-5E770CEC1A3A}.Release|Any CPU.ActiveCfg = Release|Any CPU
		{D9B22972-B463-4040-AEB7-5E770CEC1A3A}.Release|Any CPU.Build.0 = Release|Any CPU
		{7ED2337A-C09E-43CF-824E-780EDECDC820}.Debug|Any CPU.ActiveCfg = Debug|Any CPU
		{7ED2337A-C09E-43CF-824E-780EDECDC820}.Debug|Any CPU.Build.0 = Debug|Any CPU
		{7ED2337A-C09E-43CF-824E-780EDECDC820}.Release|Any CPU.ActiveCfg = Release|Any CPU
		{7ED2337A-C09E-43CF-824E-780EDECDC820}.Release|Any CPU.Build.0 = Release|Any CPU
		{286A9D5D-C642-4934-A418-D1CC849FA3BC}.Debug|Any CPU.ActiveCfg = Debug|Any CPU
		{286A9D5D-C642-4934-A418-D1CC849FA3BC}.Debug|Any CPU.Build.0 = Debug|Any CPU
		{286A9D5D-C642-4934-A418-D1CC849FA3BC}.Release|Any CPU.ActiveCfg = Release|Any CPU
		{286A9D5D-C642-4934-A418-D1CC849FA3BC}.Release|Any CPU.Build.0 = Release|Any CPU
		{D429D46E-B67E-4AEF-B0A7-4E6E697AE7B8}.Debug|Any CPU.ActiveCfg = Debug|Any CPU
		{D429D46E-B67E-4AEF-B0A7-4E6E697AE7B8}.Debug|Any CPU.Build.0 = Debug|Any CPU
		{D429D46E-B67E-4AEF-B0A7-4E6E697AE7B8}.Release|Any CPU.ActiveCfg = Release|Any CPU
		{D429D46E-B67E-4AEF-B0A7-4E6E697AE7B8}.Release|Any CPU.Build.0 = Release|Any CPU
		{AA766D36-740D-4098-9BA8-7D3355ABC241}.Debug|Any CPU.ActiveCfg = Debug|Any CPU
		{AA766D36-740D-4098-9BA8-7D3355ABC241}.Debug|Any CPU.Build.0 = Debug|Any CPU
		{AA766D36-740D-4098-9BA8-7D3355ABC241}.Release|Any CPU.ActiveCfg = Release|Any CPU
		{AA766D36-740D-4098-9BA8-7D3355ABC241}.Release|Any CPU.Build.0 = Release|Any CPU
	EndGlobalSection
	GlobalSection(SolutionProperties) = preSolution
		HideSolutionNode = FALSE
	EndGlobalSection
	GlobalSection(NestedProjects) = preSolution
		{0C781E6C-192E-42DC-817D-BE8DC9153607} = {37D4E848-50CB-4843-8479-FBE436AAFBC8}
		{0A24E47F-69E4-4442-A87D-4D954015CE40} = {CC8EBFF5-3521-4527-8140-44C09C21C753}
		{65095BAC-1916-48C2-96C5-BF72498CB897} = {164BDE6C-293A-4461-A344-9FA950681407}
		{5A51E2E7-D2AE-40C2-BB52-CB9522F0F912} = {FC298DF6-E27F-432A-BA02-D9C10BE3213D}
		{D07304FD-468B-4503-94A8-1B165682ED0E} = {42B92036-B940-4FC2-B9B3-2A3BFD37D34A}
		{1C3226E1-D54B-4C67-866C-723F88673CD1} = {AE9A95FD-672C-487C-A77D-F6CAB0237DD8}
		{3B282348-8A93-47F5-97A0-A9CF0452AE67} = {1C3226E1-D54B-4C67-866C-723F88673CD1}
		{D9B22972-B463-4040-AEB7-5E770CEC1A3A} = {1C3226E1-D54B-4C67-866C-723F88673CD1}
		{7ED2337A-C09E-43CF-824E-780EDECDC820} = {1C3226E1-D54B-4C67-866C-723F88673CD1}
		{286A9D5D-C642-4934-A418-D1CC849FA3BC} = {1C3226E1-D54B-4C67-866C-723F88673CD1}
		{C3328AD4-1E79-426E-8EB6-D01124EF7682} = {1C3226E1-D54B-4C67-866C-723F88673CD1}
		{D429D46E-B67E-4AEF-B0A7-4E6E697AE7B8} = {C3328AD4-1E79-426E-8EB6-D01124EF7682}
		{AA766D36-740D-4098-9BA8-7D3355ABC241} = {97D869F7-0CF9-4B23-B5F7-DC12090BC137}
	EndGlobalSection
	GlobalSection(ExtensibilityGlobals) = postSolution
		SolutionGuid = {505F2321-A92F-47D8-8C88-823B35CB4825}
	EndGlobalSection
EndGlobal
